<?xml version="1.0" encoding="utf-8"?>
<Project ToolsVersion="4.0" xmlns="http://schemas.microsoft.com/developer/msbuild/2003">
  <ItemGroup>
    <Filter Include="Source Files">
      <UniqueIdentifier>{4FC737F1-C7A5-4376-A066-2A32D752A2FF}</UniqueIdentifier>
      <Extensions>cpp;c;cc;cxx;def;odl;idl;hpj;bat;asm;asmx</Extensions>
    </Filter>
    <Filter Include="Header Files">
      <UniqueIdentifier>{93995380-89BD-4b04-88EB-625FBE52EBFB}</UniqueIdentifier>
      <Extensions>h;hh;hpp;hxx;hm;inl;inc;xsd</Extensions>
    </Filter>
    <Filter Include="Resource Files">
      <UniqueIdentifier>{67DA6AB6-F800-4c08-8B7A-83BB121AAD01}</UniqueIdentifier>
      <Extensions>rc;ico;cur;bmp;dlg;rc2;rct;bin;rgs;gif;jpg;jpeg;jpe;resx;tiff;tif;png;wav;mfcribbon-ms</Extensions>
    </Filter>
  </ItemGroup>
  <ItemGroup>
    <ClCompile Include="..\code\prolog_lunar.cpp">
      <Filter>Source Files</Filter>
    </ClCompile>
    <ClCompile Include="..\code\lunar.cpp">
      <Filter>Source Files</Filter>
    </ClCompile>
    <ClCompile Include="..\code\lunar_operator.cpp">
      <Filter>Source Files</Filter>
    </ClCompile>
    <ClCompile Include="..\code\lunar_landers.cpp">
      <Filter>Source Files</Filter>
    </ClCompile>
    <ClCompile Include="..\code\graphic_resources.cpp">
      <Filter>Source Files</Filter>
    </ClCompile>
    <ClCompile Include="..\code\lunar_prolog_landers.cpp">
      <Filter>Source Files</Filter>
    </ClCompile>
    <ClCompile Include="..\code\lunar_prolog_freeverb_panel.cpp">
      <Filter>Source Files</Filter>
    </ClCompile>
    <ClCompile Include="..\code\lunar_moonbase.cpp">
      <Filter>Source Files</Filter>
    </ClCompile>
    <ClCompile Include="..\code\multiplatform_audio.cpp">
      <Filter>Source Files</Filter>
    </ClCompile>
    <ClCompile Include="..\code\keyboard_calculator.cpp">
      <Filter>Source Files</Filter>
    </ClCompile>
    <ClCompile Include="..\code\lunar_prolog_adsr_panel.cpp">
      <Filter>Source Files</Filter>
    </ClCompile>
    <ClCompile Include="..\code\lunar_prolog_chorus_panel.cpp">
      <Filter>Source Files</Filter>
    </ClCompile>
    <ClCompile Include="..\code\lunar_prolog_control_panel.cpp">
      <Filter>Source Files</Filter>
    </ClCompile>
    <ClCompile Include="..\code\lunar_prolog_core_panel.cpp">
      <Filter>Source Files</Filter>
    </ClCompile>
    <ClCompile Include="..\code\lunar_prolog_delay_panel.cpp">
      <Filter>Source Files</Filter>
    </ClCompile>
    <ClCompile Include="..\code\lunar_prolog_eg_panel.cpp">
      <Filter>Source Files</Filter>
    </ClCompile>
    <ClCompile Include="..\code\lunar_prolog_filter_panel.cpp">
      <Filter>Source Files</Filter>
    </ClCompile>
    <ClCompile Include="..\code\lunar_prolog_fm4_panel.cpp">
      <Filter>Source Files</Filter>
    </ClCompile>
    <ClCompile Include="..\..\prolog\code\prolog\graphics2d.cpp">
      <Filter>Source Files</Filter>
    </ClCompile>
    <ClCompile Include="..\code\lunar_prolog_lfo_panel.cpp">
      <Filter>Source Files</Filter>
    </ClCompile>
    <ClCompile Include="..\code\lunar_prolog_moonbase.cpp">
      <Filter>Source Files</Filter>
    </ClCompile>
    <ClCompile Include="..\code\lunar_prolog_operator.cpp">
      <Filter>Source Files</Filter>
    </ClCompile>
    <ClCompile Include="..\code\lunar_prolog_oscilloscope.cpp">
      <Filter>Source Files</Filter>
    </ClCompile>
    <ClCompile Include="..\code\lunar_prolog_panel_base.cpp">
      <Filter>Source Files</Filter>
    </ClCompile>
    <ClCompile Include="..\code\lunar_prolog_parameter_block_panel.cpp">
      <Filter>Source Files</Filter>
    </ClCompile>
    <ClCompile Include="..\code\lunar_prolog_schorus_panel.cpp">
      <Filter>Source Files</Filter>
    </ClCompile>
    <ClCompile Include="..\code\lunar_prolog_vector.cpp">
      <Filter>Source Files</Filter>
    </ClCompile>
    <ClCompile Include="..\code\lunar_wave.cpp">
      <Filter>Source Files</Filter>
    </ClCompile>
    <ClCompile Include="..\code\lunar_prolog_keyboard.cpp">
      <Filter>Source Files</Filter>
    </ClCompile>
    <ClCompile Include="..\code\chromatic.cpp">
      <Filter>Source Files</Filter>
    </ClCompile>
    <ClCompile Include="..\code\lunar_windows_midi.cpp">
      <Filter>Source Files</Filter>
    </ClCompile>
    <ClCompile Include="..\code\lunar_integrated_alarm.cpp">
      <Filter>Source Files</Filter>
    </ClCompile>
    <ClCompile Include="..\code\lunar_integrated_components.cpp">
      <Filter>Source Files</Filter>
    </ClCompile>
    <ClCompile Include="..\code\lunar_integrated_phobos.cpp">
      <Filter>Source Files</Filter>
    </ClCompile>
    <ClCompile Include="..\code\lunar_integrated_microdot.cpp">
      <Filter>Source Files</Filter>
    </ClCompile>
    <ClCompile Include="..\code\lunar_integrated_abakos.cpp">
      <Filter>Source Files</Filter>
    </ClCompile>
  </ItemGroup>
  <ItemGroup>
    <ClInclude Include="..\code\prolog_lunar.h">
      <Filter>Header Files</Filter>
    </ClInclude>
    <ClInclude Include="..\code\lunar.h">
      <Filter>Header Files</Filter>
    </ClInclude>
    <ClInclude Include="..\code\lunar_operator.h">
      <Filter>Header Files</Filter>
    </ClInclude>
    <ClInclude Include="..\code\lunar_landers.h">
      <Filter>Header Files</Filter>
    </ClInclude>
    <ClInclude Include="..\code\graphic_resources.h">
      <Filter>Header Files</Filter>
    </ClInclude>
    <ClInclude Include="..\code\lunar_prolog_landers.h">
      <Filter>Header Files</Filter>
    </ClInclude>
    <ClInclude Include="..\code\lunar_moonbase.h">
      <Filter>Header Files</Filter>
    </ClInclude>
    <ClInclude Include="..\code\multiplatform_audio.h">
      <Filter>Header Files</Filter>
    </ClInclude>
    <ClInclude Include="..\code\keyboard_calculator.h">
      <Filter>Header Files</Filter>
    </ClInclude>
    <ClInclude Include="..\..\prolog\code\prolog\graphics2d.h">
      <Filter>Header Files</Filter>
    </ClInclude>
    <ClInclude Include="..\code\lunar_prolog_panel_base.h">
      <Filter>Header Files</Filter>
    </ClInclude>
    <ClInclude Include="..\code\lunar_wave.h">
      <Filter>Header Files</Filter>
    </ClInclude>
    <ClInclude Include="..\code\chromatic.h">
      <Filter>Header Files</Filter>
    </ClInclude>
    <ClInclude Include="..\code\lunar_resource.h">
      <Filter>Header Files</Filter>
    </ClInclude>
    <ClInclude Include="..\code\lunar_integrated_components.h">
      <Filter>Header Files</Filter>
    </ClInclude>
  </ItemGroup>
  <ItemGroup>
    <None Include="..\code\lunar.prc" />
  </ItemGroup>
  <ItemGroup>
    <ResourceCompile Include="..\code\lunar.rc">
      <Filter>Resource Files</Filter>
    </ResourceCompile>
  </ItemGroup>
</Project>